
Microsoft Visual Studio Solution File, Format Version 12.00
# Visual Studio Version 16
VisualStudioVersion = 16.0.29613.14
MinimumVisualStudioVersion = 10.0.40219.1
Project("{9A19103F-16F7-4668-BE54-9A1E7A4F7556}") = "Business", "Business\Business.csproj", "{4072596A-CC56-48AB-B045-A1E43DEA34E8}"
EndProject
Project("{9A19103F-16F7-4668-BE54-9A1E7A4F7556}") = "Entities", "Entities\Entities.csproj", "{BCA55445-227F-4D36-A9FB-056CBE951970}"
EndProject
Project("{9A19103F-16F7-4668-BE54-9A1E7A4F7556}") = "DataAccess", "DataAccess\DataAccess.csproj", "{4773885F-AB6B-4652-9368-90A62DE29CF1}"
EndProject
Project("{9A19103F-16F7-4668-BE54-9A1E7A4F7556}") = "ConsoleUI", "ConsoleUI\ConsoleUI.csproj", "{D039EFC8-06DC-4165-9F51-7F60B96DB6EF}"
EndProject
Project("{9A19103F-16F7-4668-BE54-9A1E7A4F7556}") = "Core", "Core\Core.csproj", "{B46BC05E-BC62-4F8B-B4E8-4B1CADDCD9FD}"
EndProject
Project("{FAE04EC0-301F-11D3-BF4B-00C04F79EFBC}") = "WebAPI", "WebAPI\WebAPI.csproj", "{D3281765-862C-4E73-925B-4BF5AE231360}"
EndProject
Global
	GlobalSection(SolutionConfigurationPlatforms) = preSolution
		Debug|Any CPU = Debug|Any CPU
		Release|Any CPU = Release|Any CPU
	EndGlobalSection
	GlobalSection(ProjectConfigurationPlatforms) = postSolution
		{4072596A-CC56-48AB-B045-A1E43DEA34E8}.Debug|Any CPU.ActiveCfg = Debug|Any CPU
		{4072596A-CC56-48AB-B045-A1E43DEA34E8}.Debug|Any CPU.Build.0 = Debug|Any CPU
		{4072596A-CC56-48AB-B045-A1E43DEA34E8}.Release|Any CPU.ActiveCfg = Release|Any CPU
		{4072596A-CC56-48AB-B045-A1E43DEA34E8}.Release|Any CPU.Build.0 = Release|Any CPU
		{BCA55445-227F-4D36-A9FB-056CBE951970}.Debug|Any CPU.ActiveCfg = Debug|Any CPU
		{BCA55445-227F-4D36-A9FB-056CBE951970}.Debug|Any CPU.Build.0 = Debug|Any CPU
		{BCA55445-227F-4D36-A9FB-056CBE951970}.Release|Any CPU.ActiveCfg = Release|Any CPU
		{BCA55445-227F-4D36-A9FB-056CBE951970}.Release|Any CPU.Build.0 = Release|Any CPU
		{4773885F-AB6B-4652-9368-90A62DE29CF1}.Debug|Any CPU.ActiveCfg = Debug|Any CPU
		{4773885F-AB6B-4652-9368-90A62DE29CF1}.Debug|Any CPU.Build.0 = Debug|Any CPU
		{4773885F-AB6B-4652-9368-90A62DE29CF1}.Release|Any CPU.ActiveCfg = Release|Any CPU
		{4773885F-AB6B-4652-9368-90A62DE29CF1}.Release|Any CPU.Build.0 = Release|Any CPU
		{D039EFC8-06DC-4165-9F51-7F60B96DB6EF}.Debug|Any CPU.ActiveCfg = Debug|Any CPU
		{D039EFC8-06DC-4165-9F51-7F60B96DB6EF}.Debug|Any CPU.Build.0 = Debug|Any CPU
		{D039EFC8-06DC-4165-9F51-7F60B96DB6EF}.Release|Any CPU.ActiveCfg = Release|Any CPU
		{D039EFC8-06DC-4165-9F51-7F60B96DB6EF}.Release|Any CPU.Build.0 = Release|Any CPU
		{B46BC05E-BC62-4F8B-B4E8-4B1CADDCD9FD}.Debug|Any CPU.ActiveCfg = Debug|Any CPU
		{B46BC05E-BC62-4F8B-B4E8-4B1CADDCD9FD}.Debug|Any CPU.Build.0 = Debug|Any CPU
		{B46BC05E-BC62-4F8B-B4E8-4B1CADDCD9FD}.Release|Any CPU.ActiveCfg = Release|Any CPU
		{B46BC05E-BC62-4F8B-B4E8-4B1CADDCD9FD}.Release|Any CPU.Build.0 = Release|Any CPU
		{D3281765-862C-4E73-925B-4BF5AE231360}.Debug|Any CPU.ActiveCfg = Debug|Any CPU
		{D3281765-862C-4E73-925B-4BF5AE231360}.Debug|Any CPU.Build.0 = Debug|Any CPU
		{D3281765-862C-4E73-925B-4BF5AE231360}.Release|Any CPU.ActiveCfg = Release|Any CPU
		{D3281765-862C-4E73-925B-4BF5AE231360}.Release|Any CPU.Build.0 = Release|Any CPU
	EndGlobalSection
	GlobalSection(SolutionProperties) = preSolution
		HideSolutionNode = FALSE
	EndGlobalSection
	GlobalSection(ExtensibilityGlobals) = postSolution
		SolutionGuid = {9CC42187-F021-461A-A0D9-928AB03450D6}
	EndGlobalSection
EndGlobal
